
Microsoft Visual Studio Solution File, Format Version 12.00
# Visual Studio Version 17
VisualStudioVersion = 17.13.35919.96 d17.13
MinimumVisualStudioVersion = 10.0.40219.1
Project("{888888A0-9F3D-457C-B088-3A5042F75D52}") = "Sentry", "Sentry\Sentry.pyproj", "{28009F45-179B-44B8-BB98-0D7E0483C4BF}"
EndProject
Global
	GlobalSection(SolutionConfigurationPlatforms) = preSolution
		Debug|Any CPU = Debug|Any CPU
		Release|Any CPU = Release|Any CPU
	EndGlobalSection
	GlobalSection(ProjectConfigurationPlatforms) = postSolution
		{28009F45-179B-44B8-BB98-0D7E0483C4BF}.Debug|Any CPU.ActiveCfg = Debug|Any CPU
		{28009F45-179B-44B8-BB98-0D7E0483C4BF}.Release|Any CPU.ActiveCfg = Release|Any CPU
	EndGlobalSection
	GlobalSection(SolutionProperties) = preSolution
		HideSolutionNode = FALSE
	EndGlobalSection
	GlobalSection(ExtensibilityGlobals) = postSolution
		SolutionGuid = {09C95177-1E9F-4655-95C1-99F87AE93A55}
	EndGlobalSection
EndGlobal
